
Microsoft Visual Studio Solution File, Format Version 12.00
# Visual Studio Version 16
VisualStudioVersion = 16.0.31424.327
MinimumVisualStudioVersion = 10.0.40219.1
Project("{FAE04EC0-301F-11D3-BF4B-00C04F79EFBC}") = "guessnumbergame", "guessnumbergame.csproj", "{9153F782-6A75-464E-840D-F27F307F86BB}"
EndProject
Global
	GlobalSection(SolutionConfigurationPlatforms) = preSolution
		Debug|Any CPU = Debug|Any CPU
		Release|Any CPU = Release|Any CPU
	EndGlobalSection
	GlobalSection(ProjectConfigurationPlatforms) = postSolution
		{9153F782-6A75-464E-840D-F27F307F86BB}.Debug|Any CPU.ActiveCfg = Debug|Any CPU
		{9153F782-6A75-464E-840D-F27F307F86BB}.Debug|Any CPU.Build.0 = Debug|Any CPU
		{9153F782-6A75-464E-840D-F27F307F86BB}.Release|Any CPU.ActiveCfg = Release|Any CPU
		{9153F782-6A75-464E-840D-F27F307F86BB}.Release|Any CPU.Build.0 = Release|Any CPU
	EndGlobalSection
	GlobalSection(SolutionProperties) = preSolution
		HideSolutionNode = FALSE
	EndGlobalSection
	GlobalSection(ExtensibilityGlobals) = postSolution
		SolutionGuid = {9D2A6354-62C2-46A7-9CF0-BBD16311DB2D}
	EndGlobalSection
EndGlobal
